
Microsoft Visual Studio Solution File, Format Version 12.00
# Visual Studio Version 17
VisualStudioVersion = 17.4.33205.214
MinimumVisualStudioVersion = 10.0.40219.1
Project("{FAE04EC0-301F-11D3-BF4B-00C04F79EFBC}") = "PosgramWasm", "PosgramWasm\PosgramWasm.csproj", "{FFB77B2D-A43F-4933-BF5A-BA90FDC88A89}"
EndProject
Global
	GlobalSection(SolutionConfigurationPlatforms) = preSolution
		Debug|Any CPU = Debug|Any CPU
		Release|Any CPU = Release|Any CPU
	EndGlobalSection
	GlobalSection(ProjectConfigurationPlatforms) = postSolution
		{FFB77B2D-A43F-4933-BF5A-BA90FDC88A89}.Debug|Any CPU.ActiveCfg = Debug|Any CPU
		{FFB77B2D-A43F-4933-BF5A-BA90FDC88A89}.Debug|Any CPU.Build.0 = Debug|Any CPU
		{FFB77B2D-A43F-4933-BF5A-BA90FDC88A89}.Release|Any CPU.ActiveCfg = Release|Any CPU
		{FFB77B2D-A43F-4933-BF5A-BA90FDC88A89}.Release|Any CPU.Build.0 = Release|Any CPU
	EndGlobalSection
	GlobalSection(SolutionProperties) = preSolution
		HideSolutionNode = FALSE
	EndGlobalSection
	GlobalSection(ExtensibilityGlobals) = postSolution
		SolutionGuid = {B040A518-F27B-4930-A95E-BC8B6328FECA}
	EndGlobalSection
EndGlobal
